
Microsoft Visual Studio Solution File, Format Version 12.00
# Visual Studio 15
VisualStudioVersion = 15.0.26403.0
MinimumVisualStudioVersion = 10.0.40219.1
Project("{FAE04EC0-301F-11D3-BF4B-00C04F79EFBC}") = "AlexaRules", "AlexaRules\AlexaRules.csproj", "{574C8E67-C89A-42B1-B83D-C3A548952475}"
EndProject
Project("{FAE04EC0-301F-11D3-BF4B-00C04F79EFBC}") = "AlexaRulesTest", "UnitTestProject1\AlexaRulesTest.csproj", "{1ACE5B13-6B22-4D4E-A978-6B2ABFC4D82A}"
EndProject
Global
	GlobalSection(SolutionConfigurationPlatforms) = preSolution
		Debug|Any CPU = Debug|Any CPU
		Release|Any CPU = Release|Any CPU
	EndGlobalSection
	GlobalSection(ProjectConfigurationPlatforms) = postSolution
		{574C8E67-C89A-42B1-B83D-C3A548952475}.Debug|Any CPU.ActiveCfg = Debug|Any CPU
		{574C8E67-C89A-42B1-B83D-C3A548952475}.Debug|Any CPU.Build.0 = Debug|Any CPU
		{574C8E67-C89A-42B1-B83D-C3A548952475}.Release|Any CPU.ActiveCfg = Release|Any CPU
		{574C8E67-C89A-42B1-B83D-C3A548952475}.Release|Any CPU.Build.0 = Release|Any CPU
		{1ACE5B13-6B22-4D4E-A978-6B2ABFC4D82A}.Debug|Any CPU.ActiveCfg = Debug|Any CPU
		{1ACE5B13-6B22-4D4E-A978-6B2ABFC4D82A}.Debug|Any CPU.Build.0 = Debug|Any CPU
		{1ACE5B13-6B22-4D4E-A978-6B2ABFC4D82A}.Release|Any CPU.ActiveCfg = Release|Any CPU
		{1ACE5B13-6B22-4D4E-A978-6B2ABFC4D82A}.Release|Any CPU.Build.0 = Release|Any CPU
	EndGlobalSection
	GlobalSection(SolutionProperties) = preSolution
		HideSolutionNode = FALSE
	EndGlobalSection
EndGlobal
